<?xml version="1.0" encoding="utf-8"?>
<Project ToolsVersion="4.0" xmlns="http://schemas.microsoft.com/developer/msbuild/2003">
  <ItemGroup>
    <Filter Include="Source Files">
      <UniqueIdentifier>{4FC737F1-C7A5-4376-A066-2A32D752A2FF}</UniqueIdentifier>
      <Extensions>cpp;c;cc;cxx;def;odl;idl;hpj;bat;asm;asmx</Extensions>
    </Filter>
    <Filter Include="Header Files">
      <UniqueIdentifier>{93995380-89BD-4b04-88EB-625FBE52EBFB}</UniqueIdentifier>
      <Extensions>h;hh;hpp;hxx;hm;inl;inc;xsd</Extensions>
    </Filter>
    <Filter Include="Resource Files">
      <UniqueIdentifier>{67DA6AB6-F800-4c08-8B7A-83BB121AAD01}</UniqueIdentifier>
      <Extensions>rc;ico;cur;bmp;dlg;rc2;rct;bin;rgs;gif;jpg;jpeg;jpe;resx;tiff;tif;png;wav;mfcribbon-ms</Extensions>
    </Filter>
    <Filter Include="Header Files\Core">
      <UniqueIdentifier>{5251ebcc-3a87-47ca-bb76-e7d6dfdcf05e}</UniqueIdentifier>
    </Filter>
    <Filter Include="Header Files\States">
      <UniqueIdentifier>{3d6fc6bd-c8d1-4537-b957-64c8c4b30b7f}</UniqueIdentifier>
    </Filter>
    <Filter Include="Header Files\Particle System">
      <UniqueIdentifier>{e356400f-1999-4097-a01f-9c3e4727a528}</UniqueIdentifier>
    </Filter>
    <Filter Include="Header Files\Entities">
      <UniqueIdentifier>{b02717c1-c0ac-422c-821a-b1b19d0dec94}</UniqueIdentifier>
    </Filter>
    <Filter Include="Source Files\Core">
      <UniqueIdentifier>{d285a1c8-8ed2-41b4-b641-f78ce697ff56}</UniqueIdentifier>
    </Filter>
    <Filter Include="Source Files\Entities">
      <UniqueIdentifier>{4e3d88f0-1a9c-4536-87b3-3a4443928985}</UniqueIdentifier>
    </Filter>
    <Filter Include="Source Files\States">
      <UniqueIdentifier>{96229d7c-0e1f-40f5-9f29-6ffd9d665d75}</UniqueIdentifier>
    </Filter>
    <Filter Include="Source Files\Particle System">
      <UniqueIdentifier>{6e60fab5-b568-468e-af79-dfbc0fe770ec}</UniqueIdentifier>
    </Filter>
    <Filter Include="Source Files\Background System">
      <UniqueIdentifier>{d523add3-20f0-4f58-b459-fbeaa7e2eddc}</UniqueIdentifier>
    </Filter>
    <Filter Include="Header Files\Background System">
      <UniqueIdentifier>{6ba44c28-dfbf-4a45-96db-5304e1a51526}</UniqueIdentifier>
    </Filter>
    <Filter Include="Header Files\Entities\Base">
      <UniqueIdentifier>{964eb7f0-5f69-4ff4-840b-f6391ff277b4}</UniqueIdentifier>
    </Filter>
    <Filter Include="Header Files\Entities\Arrows">
      <UniqueIdentifier>{b50e0a04-f9b5-4682-a61d-90c9ce52a3dc}</UniqueIdentifier>
    </Filter>
    <Filter Include="Header Files\Entities\Enemies">
      <UniqueIdentifier>{86c59c43-ced8-4b32-b33a-f717022322a3}</UniqueIdentifier>
    </Filter>
    <Filter Include="Header Files\Entities\Pickups">
      <UniqueIdentifier>{c71a4779-3910-4f83-8ddd-0127474a7c1f}</UniqueIdentifier>
    </Filter>
    <Filter Include="Header Files\Entities\Player">
      <UniqueIdentifier>{b3a4d328-dcf0-47de-b8ad-a626f1a6ab5a}</UniqueIdentifier>
    </Filter>
    <Filter Include="Source Files\Entities\Base">
      <UniqueIdentifier>{83f4161f-54c9-4ae4-9881-b5ec7c21debb}</UniqueIdentifier>
    </Filter>
    <Filter Include="Source Files\Entities\Arrows">
      <UniqueIdentifier>{cb34909d-cb83-4f78-b067-3b56bdf45b15}</UniqueIdentifier>
    </Filter>
    <Filter Include="Source Files\Entities\Enemies">
      <UniqueIdentifier>{46d7b1a9-ee0d-4617-b5be-fe110738d08d}</UniqueIdentifier>
    </Filter>
    <Filter Include="Source Files\Entities\Pickups">
      <UniqueIdentifier>{bad1add2-5495-4eee-947d-20c9c7bf29fc}</UniqueIdentifier>
    </Filter>
    <Filter Include="Source Files\Entities\Player">
      <UniqueIdentifier>{54297bf1-08ee-4c16-9b37-5109b378ec39}</UniqueIdentifier>
    </Filter>
    <Filter Include="Header Files\Gameplay">
      <UniqueIdentifier>{32e34113-f803-4e7a-8825-9716bf4da949}</UniqueIdentifier>
    </Filter>
    <Filter Include="Source Files\Gameplay">
      <UniqueIdentifier>{69f049ef-588e-4b65-8f8c-3c5e7cdc457a}</UniqueIdentifier>
    </Filter>
  </ItemGroup>
  <ItemGroup>
    <ClCompile Include="main.cpp">
      <Filter>Source Files</Filter>
    </ClCompile>
    <ClCompile Include="Core\C_Audio.cpp">
      <Filter>Source Files\Core</Filter>
    </ClCompile>
    <ClCompile Include="Core\C_Text.cpp">
      <Filter>Source Files\Core</Filter>
    </ClCompile>
    <ClCompile Include="Core\C_Texture.cpp">
      <Filter>Source Files\Core</Filter>
    </ClCompile>
    <ClCompile Include="Core\C_Utilities.cpp">
      <Filter>Source Files\Core</Filter>
    </ClCompile>
    <ClCompile Include="ParticleSystem\PS_Particle.cpp">
      <Filter>Source Files\Particle System</Filter>
    </ClCompile>
    <ClCompile Include="ParticleSystem\PS_ParticleEffect.cpp">
      <Filter>Source Files\Particle System</Filter>
    </ClCompile>
    <ClCompile Include="States\S_Game.cpp">
      <Filter>Source Files\States</Filter>
    </ClCompile>
    <ClCompile Include="States\S_State.cpp">
      <Filter>Source Files\States</Filter>
    </ClCompile>
    <ClCompile Include="States\S_StateManager.cpp">
      <Filter>Source Files\States</Filter>
    </ClCompile>
    <ClCompile Include="Core\C_Timer.cpp">
      <Filter>Source Files\Core</Filter>
    </ClCompile>
    <ClCompile Include="BackgroundSystem\B_BackgroundManager.cpp">
      <Filter>Source Files\Background System</Filter>
    </ClCompile>
    <ClCompile Include="BackgroundSystem\B_Background.cpp">
      <Filter>Source Files\Background System</Filter>
    </ClCompile>
    <ClCompile Include="Core\C_Music.cpp">
      <Filter>Source Files\Core</Filter>
    </ClCompile>
    <ClCompile Include="Enitites\E_EntityManager.cpp">
      <Filter>Source Files\Entities</Filter>
    </ClCompile>
    <ClCompile Include="Enitites\Base\EB_Animated.cpp">
      <Filter>Source Files\Entities\Base</Filter>
    </ClCompile>
    <ClCompile Include="Enitites\Base\EB_Entity.cpp">
      <Filter>Source Files\Entities\Base</Filter>
    </ClCompile>
    <ClCompile Include="Enitites\Base\EB_Velocity.cpp">
      <Filter>Source Files\Entities\Base</Filter>
    </ClCompile>
    <ClCompile Include="Enitites\Base\EB_VelocityAnimated.cpp">
      <Filter>Source Files\Entities\Base</Filter>
    </ClCompile>
    <ClCompile Include="Enitites\Arrows\EA_ArcherArrow.cpp">
      <Filter>Source Files\Entities\Arrows</Filter>
    </ClCompile>
    <ClCompile Include="Enitites\Arrows\EA_Arrow.cpp">
      <Filter>Source Files\Entities\Arrows</Filter>
    </ClCompile>
    <ClCompile Include="Enitites\Arrows\EA_FlamingArrow.cpp">
      <Filter>Source Files\Entities\Arrows</Filter>
    </ClCompile>
    <ClCompile Include="Enitites\Arrows\EA_PlayerArrow.cpp">
      <Filter>Source Files\Entities\Arrows</Filter>
    </ClCompile>
    <ClCompile Include="Enitites\Enemies\EE_Archer.cpp">
      <Filter>Source Files\Entities\Enemies</Filter>
    </ClCompile>
    <ClCompile Include="Enitites\Enemies\EE_StormCloud.cpp">
      <Filter>Source Files\Entities\Enemies</Filter>
    </ClCompile>
    <ClCompile Include="Enitites\Enemies\EE_StyphBird.cpp">
      <Filter>Source Files\Entities\Enemies</Filter>
    </ClCompile>
    <ClCompile Include="Enitites\Player\EP_Player.cpp">
      <Filter>Source Files\Entities\Player</Filter>
    </ClCompile>
    <ClCompile Include="Enitites\Player\EP_PlayerArcher.cpp">
      <Filter>Source Files\Entities\Player</Filter>
    </ClCompile>
    <ClCompile Include="Enitites\Pickups\EPU_Coin.cpp">
      <Filter>Source Files\Entities\Pickups</Filter>
    </ClCompile>
    <ClCompile Include="Enitites\Pickups\EPU_CoinAll.cpp">
      <Filter>Source Files\Entities\Pickups</Filter>
    </ClCompile>
    <ClCompile Include="Enitites\Pickups\EPU_Flaming.cpp">
      <Filter>Source Files\Entities\Pickups</Filter>
    </ClCompile>
    <ClCompile Include="Enitites\Pickups\EPU_Health.cpp">
      <Filter>Source Files\Entities\Pickups</Filter>
    </ClCompile>
    <ClCompile Include="Enitites\Pickups\EPU_KillAll.cpp">
      <Filter>Source Files\Entities\Pickups</Filter>
    </ClCompile>
    <ClCompile Include="Enitites\Pickups\EPU_Pickup.cpp">
      <Filter>Source Files\Entities\Pickups</Filter>
    </ClCompile>
    <ClCompile Include="Enitites\Pickups\EPU_Shield.cpp">
      <Filter>Source Files\Entities\Pickups</Filter>
    </ClCompile>
    <ClCompile Include="Gameplay\G_Gameplay.cpp">
      <Filter>Source Files\Gameplay</Filter>
    </ClCompile>
  </ItemGroup>
  <ItemGroup>
    <ClInclude Include="Core\C_Audio.h">
      <Filter>Header Files\Core</Filter>
    </ClInclude>
    <ClInclude Include="Core\C_Text.h">
      <Filter>Header Files\Core</Filter>
    </ClInclude>
    <ClInclude Include="Core\C_Texture.h">
      <Filter>Header Files\Core</Filter>
    </ClInclude>
    <ClInclude Include="Core\C_Utilities.h">
      <Filter>Header Files\Core</Filter>
    </ClInclude>
    <ClInclude Include="Core\C_Vec2.h">
      <Filter>Header Files\Core</Filter>
    </ClInclude>
    <ClInclude Include="ParticleSystem\PS_Particle.h">
      <Filter>Header Files\Particle System</Filter>
    </ClInclude>
    <ClInclude Include="ParticleSystem\PS_ParticleEffect.h">
      <Filter>Header Files\Particle System</Filter>
    </ClInclude>
    <ClInclude Include="States\S_Game.h">
      <Filter>Header Files\States</Filter>
    </ClInclude>
    <ClInclude Include="States\S_State.h">
      <Filter>Header Files\States</Filter>
    </ClInclude>
    <ClInclude Include="States\S_StateManager.h">
      <Filter>Header Files\States</Filter>
    </ClInclude>
    <ClInclude Include="Core\C_Timer.h">
      <Filter>Header Files\Core</Filter>
    </ClInclude>
    <ClInclude Include="BackgroundSystem\B_Background.h">
      <Filter>Header Files\Background System</Filter>
    </ClInclude>
    <ClInclude Include="BackgroundSystem\B_BackgroundManager.h">
      <Filter>Header Files\Background System</Filter>
    </ClInclude>
    <ClInclude Include="Enitites\E_EntityManager.h">
      <Filter>Header Files\Entities</Filter>
    </ClInclude>
    <ClInclude Include="Core\C_Music.h">
      <Filter>Header Files\Core</Filter>
    </ClInclude>
    <ClInclude Include="Enitites\Base\EB_Animated.h">
      <Filter>Header Files\Entities\Base</Filter>
    </ClInclude>
    <ClInclude Include="Enitites\Base\EB_Entity.h">
      <Filter>Header Files\Entities\Base</Filter>
    </ClInclude>
    <ClInclude Include="Enitites\Base\EB_Velocity.h">
      <Filter>Header Files\Entities\Base</Filter>
    </ClInclude>
    <ClInclude Include="Enitites\Base\EB_VelocityAnimated.h">
      <Filter>Header Files\Entities\Base</Filter>
    </ClInclude>
    <ClInclude Include="Enitites\Arrows\EA_ArcherArrow.h">
      <Filter>Header Files\Entities\Arrows</Filter>
    </ClInclude>
    <ClInclude Include="Enitites\Arrows\EA_Arrow.h">
      <Filter>Header Files\Entities\Arrows</Filter>
    </ClInclude>
    <ClInclude Include="Enitites\Arrows\EA_FlamingArrow.h">
      <Filter>Header Files\Entities\Arrows</Filter>
    </ClInclude>
    <ClInclude Include="Enitites\Arrows\EA_PlayerArrow.h">
      <Filter>Header Files\Entities\Arrows</Filter>
    </ClInclude>
    <ClInclude Include="Enitites\Enemies\EE_Archer.h">
      <Filter>Header Files\Entities\Enemies</Filter>
    </ClInclude>
    <ClInclude Include="Enitites\Enemies\EE_StormCloud.h">
      <Filter>Header Files\Entities\Enemies</Filter>
    </ClInclude>
    <ClInclude Include="Enitites\Enemies\EE_StyphBird.h">
      <Filter>Header Files\Entities\Enemies</Filter>
    </ClInclude>
    <ClInclude Include="Enitites\Player\EP_Player.h">
      <Filter>Header Files\Entities\Player</Filter>
    </ClInclude>
    <ClInclude Include="Enitites\Player\EP_PlayerArcher.h">
      <Filter>Header Files\Entities\Player</Filter>
    </ClInclude>
    <ClInclude Include="Enitites\Pickups\EPU_Coin.h">
      <Filter>Header Files\Entities\Pickups</Filter>
    </ClInclude>
    <ClInclude Include="Enitites\Pickups\EPU_CoinAll.h">
      <Filter>Header Files\Entities\Pickups</Filter>
    </ClInclude>
    <ClInclude Include="Enitites\Pickups\EPU_Flaming.h">
      <Filter>Header Files\Entities\Pickups</Filter>
    </ClInclude>
    <ClInclude Include="Enitites\Pickups\EPU_Health.h">
      <Filter>Header Files\Entities\Pickups</Filter>
    </ClInclude>
    <ClInclude Include="Enitites\Pickups\EPU_KillAll.h">
      <Filter>Header Files\Entities\Pickups</Filter>
    </ClInclude>
    <ClInclude Include="Enitites\Pickups\EPU_Pickup.h">
      <Filter>Header Files\Entities\Pickups</Filter>
    </ClInclude>
    <ClInclude Include="Enitites\Pickups\EPU_Shield.h">
      <Filter>Header Files\Entities\Pickups</Filter>
    </ClInclude>
    <ClInclude Include="Gameplay\G_Gameplay.h">
      <Filter>Header Files\Gameplay</Filter>
    </ClInclude>
  </ItemGroup>
</Project>